
Microsoft Visual Studio Solution File, Format Version 12.00
# Visual Studio Version 16
VisualStudioVersion = 16.0.34407.143
MinimumVisualStudioVersion = 10.0.40219.1
Project("{FAE04EC0-301F-11D3-BF4B-00C04F79EFBC}") = "KidKinder", "KidKinder\KidKinder.csproj", "{CE6A13C9-75EC-4F5A-9B2A-4BBF902C5341}"
EndProject
Global
	GlobalSection(SolutionConfigurationPlatforms) = preSolution
		Debug|Any CPU = Debug|Any CPU
		Release|Any CPU = Release|Any CPU
	EndGlobalSection
	GlobalSection(ProjectConfigurationPlatforms) = postSolution
		{CE6A13C9-75EC-4F5A-9B2A-4BBF902C5341}.Debug|Any CPU.ActiveCfg = Debug|Any CPU
		{CE6A13C9-75EC-4F5A-9B2A-4BBF902C5341}.Debug|Any CPU.Build.0 = Debug|Any CPU
		{CE6A13C9-75EC-4F5A-9B2A-4BBF902C5341}.Release|Any CPU.ActiveCfg = Release|Any CPU
		{CE6A13C9-75EC-4F5A-9B2A-4BBF902C5341}.Release|Any CPU.Build.0 = Release|Any CPU
	EndGlobalSection
	GlobalSection(SolutionProperties) = preSolution
		HideSolutionNode = FALSE
	EndGlobalSection
	GlobalSection(ExtensibilityGlobals) = postSolution
		SolutionGuid = {D3DA62D6-4A1C-4095-8EF3-4DC7B4C67BE0}
	EndGlobalSection
EndGlobal
